
Microsoft Visual Studio Solution File, Format Version 12.00
# Visual Studio Version 17
VisualStudioVersion = 17.13.35931.197 d17.13
MinimumVisualStudioVersion = 10.0.40219.1
Project("{FAE04EC0-301F-11D3-BF4B-00C04F79EFBC}") = "CustomerApp", "CustomerApp\CustomerApp.csproj", "{384D0214-3371-49C9-A33C-59DEDA5F756E}"
EndProject
Global
	GlobalSection(SolutionConfigurationPlatforms) = preSolution
		Debug|Any CPU = Debug|Any CPU
		Release|Any CPU = Release|Any CPU
	EndGlobalSection
	GlobalSection(ProjectConfigurationPlatforms) = postSolution
		{384D0214-3371-49C9-A33C-59DEDA5F756E}.Debug|Any CPU.ActiveCfg = Debug|Any CPU
		{384D0214-3371-49C9-A33C-59DEDA5F756E}.Debug|Any CPU.Build.0 = Debug|Any CPU
		{384D0214-3371-49C9-A33C-59DEDA5F756E}.Release|Any CPU.ActiveCfg = Release|Any CPU
		{384D0214-3371-49C9-A33C-59DEDA5F756E}.Release|Any CPU.Build.0 = Release|Any CPU
	EndGlobalSection
	GlobalSection(SolutionProperties) = preSolution
		HideSolutionNode = FALSE
	EndGlobalSection
	GlobalSection(ExtensibilityGlobals) = postSolution
		SolutionGuid = {D2F474D8-736A-4463-BEB7-92A94423382E}
	EndGlobalSection
EndGlobal
